
Microsoft Visual Studio Solution File, Format Version 12.00
# Visual Studio Version 17
VisualStudioVersion = 17.2.32630.192
MinimumVisualStudioVersion = 10.0.40219.1
Project("{FAE04EC0-301F-11D3-BF4B-00C04F79EFBC}") = "FootsToMeters", "FootsToMeters.csproj", "{90EE2E94-1E93-4CAE-8CC7-78D1A660D1BA}"
EndProject
Global
	GlobalSection(SolutionConfigurationPlatforms) = preSolution
		Debug|Any CPU = Debug|Any CPU
		Release|Any CPU = Release|Any CPU
	EndGlobalSection
	GlobalSection(ProjectConfigurationPlatforms) = postSolution
		{90EE2E94-1E93-4CAE-8CC7-78D1A660D1BA}.Debug|Any CPU.ActiveCfg = Debug|Any CPU
		{90EE2E94-1E93-4CAE-8CC7-78D1A660D1BA}.Debug|Any CPU.Build.0 = Debug|Any CPU
		{90EE2E94-1E93-4CAE-8CC7-78D1A660D1BA}.Release|Any CPU.ActiveCfg = Release|Any CPU
		{90EE2E94-1E93-4CAE-8CC7-78D1A660D1BA}.Release|Any CPU.Build.0 = Release|Any CPU
	EndGlobalSection
	GlobalSection(SolutionProperties) = preSolution
		HideSolutionNode = FALSE
	EndGlobalSection
	GlobalSection(ExtensibilityGlobals) = postSolution
		SolutionGuid = {2370FCAE-63B8-4D73-8020-3D25265B9273}
	EndGlobalSection
EndGlobal
