
Microsoft Visual Studio Solution File, Format Version 12.00
# Visual Studio Version 16
VisualStudioVersion = 16.0.32802.440
MinimumVisualStudioVersion = 10.0.40219.1
Project("{FAE04EC0-301F-11D3-BF4B-00C04F79EFBC}") = "ConsoleAppExceptions", "ConsoleAppExceptions\ConsoleAppExceptions.csproj", "{59145222-DFEA-4BAF-934C-E4FAF1B14A0F}"
EndProject
Global
	GlobalSection(SolutionConfigurationPlatforms) = preSolution
		Debug|Any CPU = Debug|Any CPU
		Release|Any CPU = Release|Any CPU
	EndGlobalSection
	GlobalSection(ProjectConfigurationPlatforms) = postSolution
		{59145222-DFEA-4BAF-934C-E4FAF1B14A0F}.Debug|Any CPU.ActiveCfg = Debug|Any CPU
		{59145222-DFEA-4BAF-934C-E4FAF1B14A0F}.Debug|Any CPU.Build.0 = Debug|Any CPU
		{59145222-DFEA-4BAF-934C-E4FAF1B14A0F}.Release|Any CPU.ActiveCfg = Release|Any CPU
		{59145222-DFEA-4BAF-934C-E4FAF1B14A0F}.Release|Any CPU.Build.0 = Release|Any CPU
	EndGlobalSection
	GlobalSection(SolutionProperties) = preSolution
		HideSolutionNode = FALSE
	EndGlobalSection
	GlobalSection(ExtensibilityGlobals) = postSolution
		SolutionGuid = {AABED2FA-A3C7-4986-948A-12A5AE3A613E}
	EndGlobalSection
EndGlobal
