
Microsoft Visual Studio Solution File, Format Version 12.00
# Visual Studio Version 17
VisualStudioVersion = 17.2.32630.192
MinimumVisualStudioVersion = 10.0.40219.1
Project("{FAE04EC0-301F-11D3-BF4B-00C04F79EFBC}") = "conditions", "conditions.csproj", "{345A98E3-943A-4CCB-84E6-9ED7FFFDC100}"
EndProject
Global
	GlobalSection(SolutionConfigurationPlatforms) = preSolution
		Debug|Any CPU = Debug|Any CPU
		Release|Any CPU = Release|Any CPU
	EndGlobalSection
	GlobalSection(ProjectConfigurationPlatforms) = postSolution
		{345A98E3-943A-4CCB-84E6-9ED7FFFDC100}.Debug|Any CPU.ActiveCfg = Debug|Any CPU
		{345A98E3-943A-4CCB-84E6-9ED7FFFDC100}.Debug|Any CPU.Build.0 = Debug|Any CPU
		{345A98E3-943A-4CCB-84E6-9ED7FFFDC100}.Release|Any CPU.ActiveCfg = Release|Any CPU
		{345A98E3-943A-4CCB-84E6-9ED7FFFDC100}.Release|Any CPU.Build.0 = Release|Any CPU
	EndGlobalSection
	GlobalSection(SolutionProperties) = preSolution
		HideSolutionNode = FALSE
	EndGlobalSection
	GlobalSection(ExtensibilityGlobals) = postSolution
		SolutionGuid = {245A267F-DAC9-4DE1-8148-3345538B99BD}
	EndGlobalSection
EndGlobal
